
Microsoft Visual Studio Solution File, Format Version 11.00
# Visual Studio 2010
Project("{FAE04EC0-301F-11D3-BF4B-00C04F79EFBC}") = "EMLMaker", "EMLMaker\EMLMaker.csproj", "{7ADA1590-094A-4DCF-99DD-F45CA10C1FC6}"
EndProject
Project("{FAE04EC0-301F-11D3-BF4B-00C04F79EFBC}") = "Common", "Common\Common.csproj", "{ACCC3A8A-96A5-4C47-8D5A-FCF994FED5E7}"
EndProject
Global
	GlobalSection(TeamFoundationVersionControl) = preSolution
		SccNumberOfProjects = 3
		SccEnterpriseProvider = {4CA58AB2-18FA-4F8D-95D4-32DDF27D184C}
		SccTeamFoundationServer = http://tfs.es1.com:8080/tfs/defaultcollection
		SccLocalPath0 = .
		SccProjectUniqueName1 = Common\\Common.csproj
		SccProjectName1 = Common
		SccLocalPath1 = Common
		SccProjectUniqueName2 = EMLMaker\\EMLMaker.csproj
		SccProjectName2 = EMLMaker
		SccLocalPath2 = EMLMaker
	EndGlobalSection
	GlobalSection(SolutionConfigurationPlatforms) = preSolution
		Debug|Any CPU = Debug|Any CPU
		Debug|Mixed Platforms = Debug|Mixed Platforms
		Debug|x86 = Debug|x86
		Release|Any CPU = Release|Any CPU
		Release|Mixed Platforms = Release|Mixed Platforms
		Release|x86 = Release|x86
	EndGlobalSection
	GlobalSection(ProjectConfigurationPlatforms) = postSolution
		{7ADA1590-094A-4DCF-99DD-F45CA10C1FC6}.Debug|Any CPU.ActiveCfg = Debug|x86
		{7ADA1590-094A-4DCF-99DD-F45CA10C1FC6}.Debug|Mixed Platforms.ActiveCfg = Debug|x86
		{7ADA1590-094A-4DCF-99DD-F45CA10C1FC6}.Debug|Mixed Platforms.Build.0 = Debug|x86
		{7ADA1590-094A-4DCF-99DD-F45CA10C1FC6}.Debug|x86.ActiveCfg = Debug|x86
		{7ADA1590-094A-4DCF-99DD-F45CA10C1FC6}.Debug|x86.Build.0 = Debug|x86
		{7ADA1590-094A-4DCF-99DD-F45CA10C1FC6}.Release|Any CPU.ActiveCfg = Release|x86
		{7ADA1590-094A-4DCF-99DD-F45CA10C1FC6}.Release|Mixed Platforms.ActiveCfg = Release|x86
		{7ADA1590-094A-4DCF-99DD-F45CA10C1FC6}.Release|Mixed Platforms.Build.0 = Release|x86
		{7ADA1590-094A-4DCF-99DD-F45CA10C1FC6}.Release|x86.ActiveCfg = Release|x86
		{7ADA1590-094A-4DCF-99DD-F45CA10C1FC6}.Release|x86.Build.0 = Release|x86
		{ACCC3A8A-96A5-4C47-8D5A-FCF994FED5E7}.Debug|Any CPU.ActiveCfg = Debug|Any CPU
		{ACCC3A8A-96A5-4C47-8D5A-FCF994FED5E7}.Debug|Any CPU.Build.0 = Debug|Any CPU
		{ACCC3A8A-96A5-4C47-8D5A-FCF994FED5E7}.Debug|Mixed Platforms.ActiveCfg = Debug|Any CPU
		{ACCC3A8A-96A5-4C47-8D5A-FCF994FED5E7}.Debug|Mixed Platforms.Build.0 = Debug|Any CPU
		{ACCC3A8A-96A5-4C47-8D5A-FCF994FED5E7}.Debug|x86.ActiveCfg = Debug|Any CPU
		{ACCC3A8A-96A5-4C47-8D5A-FCF994FED5E7}.Release|Any CPU.ActiveCfg = Release|Any CPU
		{ACCC3A8A-96A5-4C47-8D5A-FCF994FED5E7}.Release|Any CPU.Build.0 = Release|Any CPU
		{ACCC3A8A-96A5-4C47-8D5A-FCF994FED5E7}.Release|Mixed Platforms.ActiveCfg = Release|Any CPU
		{ACCC3A8A-96A5-4C47-8D5A-FCF994FED5E7}.Release|Mixed Platforms.Build.0 = Release|Any CPU
		{ACCC3A8A-96A5-4C47-8D5A-FCF994FED5E7}.Release|x86.ActiveCfg = Release|Any CPU
	EndGlobalSection
	GlobalSection(SolutionProperties) = preSolution
		HideSolutionNode = FALSE
	EndGlobalSection
EndGlobal
