
Microsoft Visual Studio Solution File, Format Version 12.00
# Visual Studio 14
VisualStudioVersion = 14.0.24720.0
MinimumVisualStudioVersion = 10.0.40219.1
Project("{FAE04EC0-301F-11D3-BF4B-00C04F79EFBC}") = "VerifyLib", "VerifyLib\VerifyLib.csproj", "{A109E0B5-74F7-402B-BABB-4DC3D6150188}"
EndProject
Project("{FAE04EC0-301F-11D3-BF4B-00C04F79EFBC}") = "Common", "Common\Common.csproj", "{ACCC3A8A-96A5-4C47-8D5A-FCF994FED5E7}"
EndProject
Project("{FAE04EC0-301F-11D3-BF4B-00C04F79EFBC}") = "S1ValidationWinService", "S1ValidationWinService\S1ValidationWinService.csproj", "{33A7F378-78CF-4133-9943-AA4A6E58A4E4}"
EndProject
Project("{FAE04EC0-301F-11D3-BF4B-00C04F79EFBC}") = "Client", "Client\Client.csproj", "{0136B32A-2E74-4904-A739-170FB7647E0F}"
	ProjectSection(ProjectDependencies) = postProject
		{33A7F378-78CF-4133-9943-AA4A6E58A4E4} = {33A7F378-78CF-4133-9943-AA4A6E58A4E4}
	EndProjectSection
EndProject
Project("{FAE04EC0-301F-11D3-BF4B-00C04F79EFBC}") = "RequestLib", "RequestLib\RequestLib.csproj", "{2F154980-3514-4013-8D43-B5782074ADC3}"
EndProject
Project("{2150E333-8FDC-42A3-9474-1A3956D46DE8}") = "CommonLib", "CommonLib", "{1DCD3813-26F6-4897-981D-3676AB6E77AF}"
EndProject
Project("{2150E333-8FDC-42A3-9474-1A3956D46DE8}") = "Clients", "Clients", "{3A213189-9B7A-46F3-93EF-C059CBEF6BF6}"
EndProject
Project("{FAE04EC0-301F-11D3-BF4B-00C04F79EFBC}") = "GACManagerApi", "GACManagerApi\GACManagerApi.csproj", "{2909743E-72FF-48BF-A081-E61A73D2E6EC}"
EndProject
Project("{6141683F-8A12-4E36-9623-2EB02B2C2303}") = "ClientSetup", "ClientSetup\ClientSetup.isproj", "{5134087F-56E6-4F75-BE1E-C0D4FAC41A73}"
	ProjectSection(ProjectDependencies) = postProject
		{0136B32A-2E74-4904-A739-170FB7647E0F} = {0136B32A-2E74-4904-A739-170FB7647E0F}
	EndProjectSection
EndProject
Project("{FAE04EC0-301F-11D3-BF4B-00C04F79EFBC}") = "Test", "Test\Test.csproj", "{A6F1F532-AE77-4F16-9D7D-88FC259F953E}"
EndProject
Global
	GlobalSection(SolutionConfigurationPlatforms) = preSolution
		CD_ROM|Any CPU = CD_ROM|Any CPU
		CD_ROM|Mixed Platforms = CD_ROM|Mixed Platforms
		CD_ROM|x86 = CD_ROM|x86
		Debug|Any CPU = Debug|Any CPU
		Debug|Mixed Platforms = Debug|Mixed Platforms
		Debug|x86 = Debug|x86
		DVD-5|Any CPU = DVD-5|Any CPU
		DVD-5|Mixed Platforms = DVD-5|Mixed Platforms
		DVD-5|x86 = DVD-5|x86
		Release|Any CPU = Release|Any CPU
		Release|Mixed Platforms = Release|Mixed Platforms
		Release|x86 = Release|x86
		SingleImage|Any CPU = SingleImage|Any CPU
		SingleImage|Mixed Platforms = SingleImage|Mixed Platforms
		SingleImage|x86 = SingleImage|x86
	EndGlobalSection
	GlobalSection(ProjectConfigurationPlatforms) = postSolution
		{A109E0B5-74F7-402B-BABB-4DC3D6150188}.CD_ROM|Any CPU.ActiveCfg = Release|Any CPU
		{A109E0B5-74F7-402B-BABB-4DC3D6150188}.CD_ROM|Any CPU.Build.0 = Release|Any CPU
		{A109E0B5-74F7-402B-BABB-4DC3D6150188}.CD_ROM|Mixed Platforms.ActiveCfg = Release|Any CPU
		{A109E0B5-74F7-402B-BABB-4DC3D6150188}.CD_ROM|Mixed Platforms.Build.0 = Release|Any CPU
		{A109E0B5-74F7-402B-BABB-4DC3D6150188}.CD_ROM|x86.ActiveCfg = Release|Any CPU
		{A109E0B5-74F7-402B-BABB-4DC3D6150188}.Debug|Any CPU.ActiveCfg = Debug|Any CPU
		{A109E0B5-74F7-402B-BABB-4DC3D6150188}.Debug|Any CPU.Build.0 = Debug|Any CPU
		{A109E0B5-74F7-402B-BABB-4DC3D6150188}.Debug|Mixed Platforms.ActiveCfg = Debug|Any CPU
		{A109E0B5-74F7-402B-BABB-4DC3D6150188}.Debug|Mixed Platforms.Build.0 = Debug|Any CPU
		{A109E0B5-74F7-402B-BABB-4DC3D6150188}.Debug|x86.ActiveCfg = Debug|Any CPU
		{A109E0B5-74F7-402B-BABB-4DC3D6150188}.DVD-5|Any CPU.ActiveCfg = Debug|Any CPU
		{A109E0B5-74F7-402B-BABB-4DC3D6150188}.DVD-5|Any CPU.Build.0 = Debug|Any CPU
		{A109E0B5-74F7-402B-BABB-4DC3D6150188}.DVD-5|Mixed Platforms.ActiveCfg = Debug|Any CPU
		{A109E0B5-74F7-402B-BABB-4DC3D6150188}.DVD-5|Mixed Platforms.Build.0 = Debug|Any CPU
		{A109E0B5-74F7-402B-BABB-4DC3D6150188}.DVD-5|x86.ActiveCfg = Debug|Any CPU
		{A109E0B5-74F7-402B-BABB-4DC3D6150188}.Release|Any CPU.ActiveCfg = Release|Any CPU
		{A109E0B5-74F7-402B-BABB-4DC3D6150188}.Release|Any CPU.Build.0 = Release|Any CPU
		{A109E0B5-74F7-402B-BABB-4DC3D6150188}.Release|Mixed Platforms.ActiveCfg = Release|Any CPU
		{A109E0B5-74F7-402B-BABB-4DC3D6150188}.Release|Mixed Platforms.Build.0 = Release|Any CPU
		{A109E0B5-74F7-402B-BABB-4DC3D6150188}.Release|x86.ActiveCfg = Release|Any CPU
		{A109E0B5-74F7-402B-BABB-4DC3D6150188}.SingleImage|Any CPU.ActiveCfg = Release|Any CPU
		{A109E0B5-74F7-402B-BABB-4DC3D6150188}.SingleImage|Any CPU.Build.0 = Release|Any CPU
		{A109E0B5-74F7-402B-BABB-4DC3D6150188}.SingleImage|Mixed Platforms.ActiveCfg = Release|Any CPU
		{A109E0B5-74F7-402B-BABB-4DC3D6150188}.SingleImage|Mixed Platforms.Build.0 = Release|Any CPU
		{A109E0B5-74F7-402B-BABB-4DC3D6150188}.SingleImage|x86.ActiveCfg = Release|Any CPU
		{ACCC3A8A-96A5-4C47-8D5A-FCF994FED5E7}.CD_ROM|Any CPU.ActiveCfg = Release|Any CPU
		{ACCC3A8A-96A5-4C47-8D5A-FCF994FED5E7}.CD_ROM|Any CPU.Build.0 = Release|Any CPU
		{ACCC3A8A-96A5-4C47-8D5A-FCF994FED5E7}.CD_ROM|Mixed Platforms.ActiveCfg = Release|Any CPU
		{ACCC3A8A-96A5-4C47-8D5A-FCF994FED5E7}.CD_ROM|Mixed Platforms.Build.0 = Release|Any CPU
		{ACCC3A8A-96A5-4C47-8D5A-FCF994FED5E7}.CD_ROM|x86.ActiveCfg = Release|Any CPU
		{ACCC3A8A-96A5-4C47-8D5A-FCF994FED5E7}.Debug|Any CPU.ActiveCfg = Debug|Any CPU
		{ACCC3A8A-96A5-4C47-8D5A-FCF994FED5E7}.Debug|Any CPU.Build.0 = Debug|Any CPU
		{ACCC3A8A-96A5-4C47-8D5A-FCF994FED5E7}.Debug|Mixed Platforms.ActiveCfg = Debug|Any CPU
		{ACCC3A8A-96A5-4C47-8D5A-FCF994FED5E7}.Debug|Mixed Platforms.Build.0 = Debug|Any CPU
		{ACCC3A8A-96A5-4C47-8D5A-FCF994FED5E7}.Debug|x86.ActiveCfg = Debug|Any CPU
		{ACCC3A8A-96A5-4C47-8D5A-FCF994FED5E7}.DVD-5|Any CPU.ActiveCfg = Debug|Any CPU
		{ACCC3A8A-96A5-4C47-8D5A-FCF994FED5E7}.DVD-5|Any CPU.Build.0 = Debug|Any CPU
		{ACCC3A8A-96A5-4C47-8D5A-FCF994FED5E7}.DVD-5|Mixed Platforms.ActiveCfg = Debug|Any CPU
		{ACCC3A8A-96A5-4C47-8D5A-FCF994FED5E7}.DVD-5|Mixed Platforms.Build.0 = Debug|Any CPU
		{ACCC3A8A-96A5-4C47-8D5A-FCF994FED5E7}.DVD-5|x86.ActiveCfg = Debug|Any CPU
		{ACCC3A8A-96A5-4C47-8D5A-FCF994FED5E7}.Release|Any CPU.ActiveCfg = Release|Any CPU
		{ACCC3A8A-96A5-4C47-8D5A-FCF994FED5E7}.Release|Any CPU.Build.0 = Release|Any CPU
		{ACCC3A8A-96A5-4C47-8D5A-FCF994FED5E7}.Release|Mixed Platforms.ActiveCfg = Release|Any CPU
		{ACCC3A8A-96A5-4C47-8D5A-FCF994FED5E7}.Release|Mixed Platforms.Build.0 = Release|Any CPU
		{ACCC3A8A-96A5-4C47-8D5A-FCF994FED5E7}.Release|x86.ActiveCfg = Release|Any CPU
		{ACCC3A8A-96A5-4C47-8D5A-FCF994FED5E7}.SingleImage|Any CPU.ActiveCfg = Release|Any CPU
		{ACCC3A8A-96A5-4C47-8D5A-FCF994FED5E7}.SingleImage|Any CPU.Build.0 = Release|Any CPU
		{ACCC3A8A-96A5-4C47-8D5A-FCF994FED5E7}.SingleImage|Mixed Platforms.ActiveCfg = Release|Any CPU
		{ACCC3A8A-96A5-4C47-8D5A-FCF994FED5E7}.SingleImage|Mixed Platforms.Build.0 = Release|Any CPU
		{ACCC3A8A-96A5-4C47-8D5A-FCF994FED5E7}.SingleImage|x86.ActiveCfg = Release|Any CPU
		{33A7F378-78CF-4133-9943-AA4A6E58A4E4}.CD_ROM|Any CPU.ActiveCfg = Release|x86
		{33A7F378-78CF-4133-9943-AA4A6E58A4E4}.CD_ROM|Mixed Platforms.ActiveCfg = Release|x86
		{33A7F378-78CF-4133-9943-AA4A6E58A4E4}.CD_ROM|Mixed Platforms.Build.0 = Release|x86
		{33A7F378-78CF-4133-9943-AA4A6E58A4E4}.CD_ROM|x86.ActiveCfg = Release|x86
		{33A7F378-78CF-4133-9943-AA4A6E58A4E4}.CD_ROM|x86.Build.0 = Release|x86
		{33A7F378-78CF-4133-9943-AA4A6E58A4E4}.Debug|Any CPU.ActiveCfg = Debug|x86
		{33A7F378-78CF-4133-9943-AA4A6E58A4E4}.Debug|Mixed Platforms.ActiveCfg = Debug|x86
		{33A7F378-78CF-4133-9943-AA4A6E58A4E4}.Debug|Mixed Platforms.Build.0 = Debug|x86
		{33A7F378-78CF-4133-9943-AA4A6E58A4E4}.Debug|x86.ActiveCfg = Debug|x86
		{33A7F378-78CF-4133-9943-AA4A6E58A4E4}.Debug|x86.Build.0 = Debug|x86
		{33A7F378-78CF-4133-9943-AA4A6E58A4E4}.DVD-5|Any CPU.ActiveCfg = Debug|x86
		{33A7F378-78CF-4133-9943-AA4A6E58A4E4}.DVD-5|Mixed Platforms.ActiveCfg = Debug|x86
		{33A7F378-78CF-4133-9943-AA4A6E58A4E4}.DVD-5|Mixed Platforms.Build.0 = Debug|x86
		{33A7F378-78CF-4133-9943-AA4A6E58A4E4}.DVD-5|x86.ActiveCfg = Debug|x86
		{33A7F378-78CF-4133-9943-AA4A6E58A4E4}.DVD-5|x86.Build.0 = Debug|x86
		{33A7F378-78CF-4133-9943-AA4A6E58A4E4}.Release|Any CPU.ActiveCfg = Release|x86
		{33A7F378-78CF-4133-9943-AA4A6E58A4E4}.Release|Mixed Platforms.ActiveCfg = Release|x86
		{33A7F378-78CF-4133-9943-AA4A6E58A4E4}.Release|Mixed Platforms.Build.0 = Release|x86
		{33A7F378-78CF-4133-9943-AA4A6E58A4E4}.Release|x86.ActiveCfg = Release|x86
		{33A7F378-78CF-4133-9943-AA4A6E58A4E4}.Release|x86.Build.0 = Release|x86
		{33A7F378-78CF-4133-9943-AA4A6E58A4E4}.SingleImage|Any CPU.ActiveCfg = Release|x86
		{33A7F378-78CF-4133-9943-AA4A6E58A4E4}.SingleImage|Mixed Platforms.ActiveCfg = Release|x86
		{33A7F378-78CF-4133-9943-AA4A6E58A4E4}.SingleImage|Mixed Platforms.Build.0 = Release|x86
		{33A7F378-78CF-4133-9943-AA4A6E58A4E4}.SingleImage|x86.ActiveCfg = Release|x86
		{33A7F378-78CF-4133-9943-AA4A6E58A4E4}.SingleImage|x86.Build.0 = Release|x86
		{0136B32A-2E74-4904-A739-170FB7647E0F}.CD_ROM|Any CPU.ActiveCfg = Release|x86
		{0136B32A-2E74-4904-A739-170FB7647E0F}.CD_ROM|Mixed Platforms.ActiveCfg = Release|x86
		{0136B32A-2E74-4904-A739-170FB7647E0F}.CD_ROM|Mixed Platforms.Build.0 = Release|x86
		{0136B32A-2E74-4904-A739-170FB7647E0F}.CD_ROM|x86.ActiveCfg = Release|x86
		{0136B32A-2E74-4904-A739-170FB7647E0F}.CD_ROM|x86.Build.0 = Release|x86
		{0136B32A-2E74-4904-A739-170FB7647E0F}.Debug|Any CPU.ActiveCfg = Debug|x86
		{0136B32A-2E74-4904-A739-170FB7647E0F}.Debug|Mixed Platforms.ActiveCfg = Debug|x86
		{0136B32A-2E74-4904-A739-170FB7647E0F}.Debug|Mixed Platforms.Build.0 = Debug|x86
		{0136B32A-2E74-4904-A739-170FB7647E0F}.Debug|x86.ActiveCfg = Debug|x86
		{0136B32A-2E74-4904-A739-170FB7647E0F}.Debug|x86.Build.0 = Debug|x86
		{0136B32A-2E74-4904-A739-170FB7647E0F}.DVD-5|Any CPU.ActiveCfg = Debug|x86
		{0136B32A-2E74-4904-A739-170FB7647E0F}.DVD-5|Mixed Platforms.ActiveCfg = Debug|x86
		{0136B32A-2E74-4904-A739-170FB7647E0F}.DVD-5|Mixed Platforms.Build.0 = Debug|x86
		{0136B32A-2E74-4904-A739-170FB7647E0F}.DVD-5|x86.ActiveCfg = Debug|x86
		{0136B32A-2E74-4904-A739-170FB7647E0F}.DVD-5|x86.Build.0 = Debug|x86
		{0136B32A-2E74-4904-A739-170FB7647E0F}.Release|Any CPU.ActiveCfg = Release|x86
		{0136B32A-2E74-4904-A739-170FB7647E0F}.Release|Mixed Platforms.ActiveCfg = Release|x86
		{0136B32A-2E74-4904-A739-170FB7647E0F}.Release|Mixed Platforms.Build.0 = Release|x86
		{0136B32A-2E74-4904-A739-170FB7647E0F}.Release|x86.ActiveCfg = Release|x86
		{0136B32A-2E74-4904-A739-170FB7647E0F}.Release|x86.Build.0 = Release|x86
		{0136B32A-2E74-4904-A739-170FB7647E0F}.SingleImage|Any CPU.ActiveCfg = Release|x86
		{0136B32A-2E74-4904-A739-170FB7647E0F}.SingleImage|Mixed Platforms.ActiveCfg = Release|x86
		{0136B32A-2E74-4904-A739-170FB7647E0F}.SingleImage|Mixed Platforms.Build.0 = Release|x86
		{0136B32A-2E74-4904-A739-170FB7647E0F}.SingleImage|x86.ActiveCfg = Release|x86
		{0136B32A-2E74-4904-A739-170FB7647E0F}.SingleImage|x86.Build.0 = Release|x86
		{2F154980-3514-4013-8D43-B5782074ADC3}.CD_ROM|Any CPU.ActiveCfg = Release|Any CPU
		{2F154980-3514-4013-8D43-B5782074ADC3}.CD_ROM|Any CPU.Build.0 = Release|Any CPU
		{2F154980-3514-4013-8D43-B5782074ADC3}.CD_ROM|Mixed Platforms.ActiveCfg = Release|Any CPU
		{2F154980-3514-4013-8D43-B5782074ADC3}.CD_ROM|Mixed Platforms.Build.0 = Release|Any CPU
		{2F154980-3514-4013-8D43-B5782074ADC3}.CD_ROM|x86.ActiveCfg = Release|Any CPU
		{2F154980-3514-4013-8D43-B5782074ADC3}.Debug|Any CPU.ActiveCfg = Debug|Any CPU
		{2F154980-3514-4013-8D43-B5782074ADC3}.Debug|Any CPU.Build.0 = Debug|Any CPU
		{2F154980-3514-4013-8D43-B5782074ADC3}.Debug|Mixed Platforms.ActiveCfg = Debug|Any CPU
		{2F154980-3514-4013-8D43-B5782074ADC3}.Debug|Mixed Platforms.Build.0 = Debug|Any CPU
		{2F154980-3514-4013-8D43-B5782074ADC3}.Debug|x86.ActiveCfg = Debug|Any CPU
		{2F154980-3514-4013-8D43-B5782074ADC3}.DVD-5|Any CPU.ActiveCfg = Debug|Any CPU
		{2F154980-3514-4013-8D43-B5782074ADC3}.DVD-5|Any CPU.Build.0 = Debug|Any CPU
		{2F154980-3514-4013-8D43-B5782074ADC3}.DVD-5|Mixed Platforms.ActiveCfg = Debug|Any CPU
		{2F154980-3514-4013-8D43-B5782074ADC3}.DVD-5|Mixed Platforms.Build.0 = Debug|Any CPU
		{2F154980-3514-4013-8D43-B5782074ADC3}.DVD-5|x86.ActiveCfg = Debug|Any CPU
		{2F154980-3514-4013-8D43-B5782074ADC3}.Release|Any CPU.ActiveCfg = Release|Any CPU
		{2F154980-3514-4013-8D43-B5782074ADC3}.Release|Any CPU.Build.0 = Release|Any CPU
		{2F154980-3514-4013-8D43-B5782074ADC3}.Release|Mixed Platforms.ActiveCfg = Release|Any CPU
		{2F154980-3514-4013-8D43-B5782074ADC3}.Release|Mixed Platforms.Build.0 = Release|Any CPU
		{2F154980-3514-4013-8D43-B5782074ADC3}.Release|x86.ActiveCfg = Release|Any CPU
		{2F154980-3514-4013-8D43-B5782074ADC3}.SingleImage|Any CPU.ActiveCfg = Release|Any CPU
		{2F154980-3514-4013-8D43-B5782074ADC3}.SingleImage|Any CPU.Build.0 = Release|Any CPU
		{2F154980-3514-4013-8D43-B5782074ADC3}.SingleImage|Mixed Platforms.ActiveCfg = Release|Any CPU
		{2F154980-3514-4013-8D43-B5782074ADC3}.SingleImage|Mixed Platforms.Build.0 = Release|Any CPU
		{2F154980-3514-4013-8D43-B5782074ADC3}.SingleImage|x86.ActiveCfg = Release|Any CPU
		{2909743E-72FF-48BF-A081-E61A73D2E6EC}.CD_ROM|Any CPU.ActiveCfg = Release|Any CPU
		{2909743E-72FF-48BF-A081-E61A73D2E6EC}.CD_ROM|Any CPU.Build.0 = Release|Any CPU
		{2909743E-72FF-48BF-A081-E61A73D2E6EC}.CD_ROM|Mixed Platforms.ActiveCfg = Release|Any CPU
		{2909743E-72FF-48BF-A081-E61A73D2E6EC}.CD_ROM|Mixed Platforms.Build.0 = Release|Any CPU
		{2909743E-72FF-48BF-A081-E61A73D2E6EC}.CD_ROM|x86.ActiveCfg = Release|Any CPU
		{2909743E-72FF-48BF-A081-E61A73D2E6EC}.Debug|Any CPU.ActiveCfg = Debug|Any CPU
		{2909743E-72FF-48BF-A081-E61A73D2E6EC}.Debug|Any CPU.Build.0 = Debug|Any CPU
		{2909743E-72FF-48BF-A081-E61A73D2E6EC}.Debug|Mixed Platforms.ActiveCfg = Debug|Any CPU
		{2909743E-72FF-48BF-A081-E61A73D2E6EC}.Debug|Mixed Platforms.Build.0 = Debug|Any CPU
		{2909743E-72FF-48BF-A081-E61A73D2E6EC}.Debug|x86.ActiveCfg = Debug|Any CPU
		{2909743E-72FF-48BF-A081-E61A73D2E6EC}.DVD-5|Any CPU.ActiveCfg = Debug|Any CPU
		{2909743E-72FF-48BF-A081-E61A73D2E6EC}.DVD-5|Any CPU.Build.0 = Debug|Any CPU
		{2909743E-72FF-48BF-A081-E61A73D2E6EC}.DVD-5|Mixed Platforms.ActiveCfg = Debug|Any CPU
		{2909743E-72FF-48BF-A081-E61A73D2E6EC}.DVD-5|Mixed Platforms.Build.0 = Debug|Any CPU
		{2909743E-72FF-48BF-A081-E61A73D2E6EC}.DVD-5|x86.ActiveCfg = Debug|Any CPU
		{2909743E-72FF-48BF-A081-E61A73D2E6EC}.Release|Any CPU.ActiveCfg = Release|Any CPU
		{2909743E-72FF-48BF-A081-E61A73D2E6EC}.Release|Any CPU.Build.0 = Release|Any CPU
		{2909743E-72FF-48BF-A081-E61A73D2E6EC}.Release|Mixed Platforms.ActiveCfg = Release|Any CPU
		{2909743E-72FF-48BF-A081-E61A73D2E6EC}.Release|Mixed Platforms.Build.0 = Release|Any CPU
		{2909743E-72FF-48BF-A081-E61A73D2E6EC}.Release|x86.ActiveCfg = Release|Any CPU
		{2909743E-72FF-48BF-A081-E61A73D2E6EC}.SingleImage|Any CPU.ActiveCfg = Release|Any CPU
		{2909743E-72FF-48BF-A081-E61A73D2E6EC}.SingleImage|Any CPU.Build.0 = Release|Any CPU
		{2909743E-72FF-48BF-A081-E61A73D2E6EC}.SingleImage|Mixed Platforms.ActiveCfg = Release|Any CPU
		{2909743E-72FF-48BF-A081-E61A73D2E6EC}.SingleImage|Mixed Platforms.Build.0 = Release|Any CPU
		{2909743E-72FF-48BF-A081-E61A73D2E6EC}.SingleImage|x86.ActiveCfg = Release|Any CPU
		{5134087F-56E6-4F75-BE1E-C0D4FAC41A73}.CD_ROM|Any CPU.ActiveCfg = CD_ROM
		{5134087F-56E6-4F75-BE1E-C0D4FAC41A73}.CD_ROM|Any CPU.Build.0 = CD_ROM
		{5134087F-56E6-4F75-BE1E-C0D4FAC41A73}.CD_ROM|Mixed Platforms.ActiveCfg = CD_ROM
		{5134087F-56E6-4F75-BE1E-C0D4FAC41A73}.CD_ROM|Mixed Platforms.Build.0 = CD_ROM
		{5134087F-56E6-4F75-BE1E-C0D4FAC41A73}.CD_ROM|x86.ActiveCfg = CD_ROM
		{5134087F-56E6-4F75-BE1E-C0D4FAC41A73}.CD_ROM|x86.Build.0 = CD_ROM
		{5134087F-56E6-4F75-BE1E-C0D4FAC41A73}.Debug|Any CPU.ActiveCfg = DVD-5
		{5134087F-56E6-4F75-BE1E-C0D4FAC41A73}.Debug|Any CPU.Build.0 = DVD-5
		{5134087F-56E6-4F75-BE1E-C0D4FAC41A73}.Debug|Mixed Platforms.ActiveCfg = DVD-5
		{5134087F-56E6-4F75-BE1E-C0D4FAC41A73}.Debug|Mixed Platforms.Build.0 = DVD-5
		{5134087F-56E6-4F75-BE1E-C0D4FAC41A73}.Debug|x86.ActiveCfg = DVD-5
		{5134087F-56E6-4F75-BE1E-C0D4FAC41A73}.Debug|x86.Build.0 = DVD-5
		{5134087F-56E6-4F75-BE1E-C0D4FAC41A73}.DVD-5|Any CPU.ActiveCfg = DVD-5
		{5134087F-56E6-4F75-BE1E-C0D4FAC41A73}.DVD-5|Any CPU.Build.0 = DVD-5
		{5134087F-56E6-4F75-BE1E-C0D4FAC41A73}.DVD-5|Mixed Platforms.ActiveCfg = DVD-5
		{5134087F-56E6-4F75-BE1E-C0D4FAC41A73}.DVD-5|Mixed Platforms.Build.0 = DVD-5
		{5134087F-56E6-4F75-BE1E-C0D4FAC41A73}.DVD-5|x86.ActiveCfg = DVD-5
		{5134087F-56E6-4F75-BE1E-C0D4FAC41A73}.DVD-5|x86.Build.0 = DVD-5
		{5134087F-56E6-4F75-BE1E-C0D4FAC41A73}.Release|Any CPU.ActiveCfg = SingleImage
		{5134087F-56E6-4F75-BE1E-C0D4FAC41A73}.Release|Any CPU.Build.0 = SingleImage
		{5134087F-56E6-4F75-BE1E-C0D4FAC41A73}.Release|Mixed Platforms.ActiveCfg = SingleImage
		{5134087F-56E6-4F75-BE1E-C0D4FAC41A73}.Release|x86.ActiveCfg = SingleImage
		{5134087F-56E6-4F75-BE1E-C0D4FAC41A73}.Release|x86.Build.0 = SingleImage
		{5134087F-56E6-4F75-BE1E-C0D4FAC41A73}.SingleImage|Any CPU.ActiveCfg = SingleImage
		{5134087F-56E6-4F75-BE1E-C0D4FAC41A73}.SingleImage|Any CPU.Build.0 = SingleImage
		{5134087F-56E6-4F75-BE1E-C0D4FAC41A73}.SingleImage|Mixed Platforms.ActiveCfg = SingleImage
		{5134087F-56E6-4F75-BE1E-C0D4FAC41A73}.SingleImage|Mixed Platforms.Build.0 = SingleImage
		{5134087F-56E6-4F75-BE1E-C0D4FAC41A73}.SingleImage|x86.ActiveCfg = SingleImage
		{5134087F-56E6-4F75-BE1E-C0D4FAC41A73}.SingleImage|x86.Build.0 = SingleImage
		{A6F1F532-AE77-4F16-9D7D-88FC259F953E}.CD_ROM|Any CPU.ActiveCfg = Release|Any CPU
		{A6F1F532-AE77-4F16-9D7D-88FC259F953E}.CD_ROM|Any CPU.Build.0 = Release|Any CPU
		{A6F1F532-AE77-4F16-9D7D-88FC259F953E}.CD_ROM|Mixed Platforms.ActiveCfg = Release|Any CPU
		{A6F1F532-AE77-4F16-9D7D-88FC259F953E}.CD_ROM|Mixed Platforms.Build.0 = Release|Any CPU
		{A6F1F532-AE77-4F16-9D7D-88FC259F953E}.CD_ROM|x86.ActiveCfg = Release|Any CPU
		{A6F1F532-AE77-4F16-9D7D-88FC259F953E}.CD_ROM|x86.Build.0 = Release|Any CPU
		{A6F1F532-AE77-4F16-9D7D-88FC259F953E}.Debug|Any CPU.ActiveCfg = Debug|Any CPU
		{A6F1F532-AE77-4F16-9D7D-88FC259F953E}.Debug|Any CPU.Build.0 = Debug|Any CPU
		{A6F1F532-AE77-4F16-9D7D-88FC259F953E}.Debug|Mixed Platforms.ActiveCfg = Debug|Any CPU
		{A6F1F532-AE77-4F16-9D7D-88FC259F953E}.Debug|Mixed Platforms.Build.0 = Debug|Any CPU
		{A6F1F532-AE77-4F16-9D7D-88FC259F953E}.Debug|x86.ActiveCfg = Debug|Any CPU
		{A6F1F532-AE77-4F16-9D7D-88FC259F953E}.Debug|x86.Build.0 = Debug|Any CPU
		{A6F1F532-AE77-4F16-9D7D-88FC259F953E}.DVD-5|Any CPU.ActiveCfg = Debug|Any CPU
		{A6F1F532-AE77-4F16-9D7D-88FC259F953E}.DVD-5|Any CPU.Build.0 = Debug|Any CPU
		{A6F1F532-AE77-4F16-9D7D-88FC259F953E}.DVD-5|Mixed Platforms.ActiveCfg = Debug|Any CPU
		{A6F1F532-AE77-4F16-9D7D-88FC259F953E}.DVD-5|Mixed Platforms.Build.0 = Debug|Any CPU
		{A6F1F532-AE77-4F16-9D7D-88FC259F953E}.DVD-5|x86.ActiveCfg = Debug|Any CPU
		{A6F1F532-AE77-4F16-9D7D-88FC259F953E}.DVD-5|x86.Build.0 = Debug|Any CPU
		{A6F1F532-AE77-4F16-9D7D-88FC259F953E}.Release|Any CPU.ActiveCfg = Release|Any CPU
		{A6F1F532-AE77-4F16-9D7D-88FC259F953E}.Release|Any CPU.Build.0 = Release|Any CPU
		{A6F1F532-AE77-4F16-9D7D-88FC259F953E}.Release|Mixed Platforms.ActiveCfg = Release|Any CPU
		{A6F1F532-AE77-4F16-9D7D-88FC259F953E}.Release|Mixed Platforms.Build.0 = Release|Any CPU
		{A6F1F532-AE77-4F16-9D7D-88FC259F953E}.Release|x86.ActiveCfg = Release|Any CPU
		{A6F1F532-AE77-4F16-9D7D-88FC259F953E}.Release|x86.Build.0 = Release|Any CPU
		{A6F1F532-AE77-4F16-9D7D-88FC259F953E}.SingleImage|Any CPU.ActiveCfg = Release|Any CPU
		{A6F1F532-AE77-4F16-9D7D-88FC259F953E}.SingleImage|Any CPU.Build.0 = Release|Any CPU
		{A6F1F532-AE77-4F16-9D7D-88FC259F953E}.SingleImage|Mixed Platforms.ActiveCfg = Release|Any CPU
		{A6F1F532-AE77-4F16-9D7D-88FC259F953E}.SingleImage|Mixed Platforms.Build.0 = Release|Any CPU
		{A6F1F532-AE77-4F16-9D7D-88FC259F953E}.SingleImage|x86.ActiveCfg = Release|Any CPU
		{A6F1F532-AE77-4F16-9D7D-88FC259F953E}.SingleImage|x86.Build.0 = Release|Any CPU
	EndGlobalSection
	GlobalSection(SolutionProperties) = preSolution
		HideSolutionNode = FALSE
	EndGlobalSection
	GlobalSection(NestedProjects) = preSolution
		{A109E0B5-74F7-402B-BABB-4DC3D6150188} = {1DCD3813-26F6-4897-981D-3676AB6E77AF}
		{ACCC3A8A-96A5-4C47-8D5A-FCF994FED5E7} = {1DCD3813-26F6-4897-981D-3676AB6E77AF}
		{0136B32A-2E74-4904-A739-170FB7647E0F} = {3A213189-9B7A-46F3-93EF-C059CBEF6BF6}
		{2F154980-3514-4013-8D43-B5782074ADC3} = {1DCD3813-26F6-4897-981D-3676AB6E77AF}
		{2909743E-72FF-48BF-A081-E61A73D2E6EC} = {1DCD3813-26F6-4897-981D-3676AB6E77AF}
		{5134087F-56E6-4F75-BE1E-C0D4FAC41A73} = {3A213189-9B7A-46F3-93EF-C059CBEF6BF6}
		{A6F1F532-AE77-4F16-9D7D-88FC259F953E} = {1DCD3813-26F6-4897-981D-3676AB6E77AF}
	EndGlobalSection
EndGlobal
